// !$*UTF8*$!
{
	archiveVersion = 1;
	classes = {
	};
	objectVersion = 50;
	objects = {

/* Begin PBXBuildFile section */
		460EF92E2655A20200B5FEEF /* AlertPresentationScreen.swift in Sources */ = {isa = PBXBuildFile; fileRef = 460EF92D2655A20200B5FEEF /* AlertPresentationScreen.swift */; };
		460EF92F2655A20200B5FEEF /* AlertPresentationScreen.swift in Sources */ = {isa = PBXBuildFile; fileRef = 460EF92D2655A20200B5FEEF /* AlertPresentationScreen.swift */; };
		460EF9682656964A00B5FEEF /* Accordion.swift in Sources */ = {isa = PBXBuildFile; fileRef = 460EF9672656964A00B5FEEF /* Accordion.swift */; };
		460EF9692656964A00B5FEEF /* Accordion.swift in Sources */ = {isa = PBXBuildFile; fileRef = 460EF9672656964A00B5FEEF /* Accordion.swift */; };
		460EF96B2656A22A00B5FEEF /* AccordionPresentationScreen.swift in Sources */ = {isa = PBXBuildFile; fileRef = 460EF96A2656A22A00B5FEEF /* AccordionPresentationScreen.swift */; };
		460EF96C2656A22A00B5FEEF /* AccordionPresentationScreen.swift in Sources */ = {isa = PBXBuildFile; fileRef = 460EF96A2656A22A00B5FEEF /* AccordionPresentationScreen.swift */; };
		460EF96E2656DB5600B5FEEF /* ListPosition.swift in Sources */ = {isa = PBXBuildFile; fileRef = 460EF96D2656DB5600B5FEEF /* ListPosition.swift */; };
		460EF96F2656DB5600B5FEEF /* ListPosition.swift in Sources */ = {isa = PBXBuildFile; fileRef = 460EF96D2656DB5600B5FEEF /* ListPosition.swift */; };
		4632CF3626578BD900663525 /* Carousel.swift in Sources */ = {isa = PBXBuildFile; fileRef = 4632CF3526578BD900663525 /* Carousel.swift */; };
		4632CF3726578BD900663525 /* Carousel.swift in Sources */ = {isa = PBXBuildFile; fileRef = 4632CF3526578BD900663525 /* Carousel.swift */; };
		46501B672657CAC30006D504 /* CarouselPresentationScreen.swift in Sources */ = {isa = PBXBuildFile; fileRef = 46501B662657CAC30006D504 /* CarouselPresentationScreen.swift */; };
		46501B682657CAC30006D504 /* CarouselPresentationScreen.swift in Sources */ = {isa = PBXBuildFile; fileRef = 46501B662657CAC30006D504 /* CarouselPresentationScreen.swift */; };
		46540C8F2651751E00DC4AA2 /* Tests_iOS.swift in Sources */ = {isa = PBXBuildFile; fileRef = 46540C8E2651751E00DC4AA2 /* Tests_iOS.swift */; };
		46540C9A2651751E00DC4AA2 /* Tests_macOS.swift in Sources */ = {isa = PBXBuildFile; fileRef = 46540C992651751E00DC4AA2 /* Tests_macOS.swift */; };
		46540C9C2651751E00DC4AA2 /* bootswiftuiApp.swift in Sources */ = {isa = PBXBuildFile; fileRef = 46540C732651751D00DC4AA2 /* bootswiftuiApp.swift */; };
		46540C9D2651751E00DC4AA2 /* bootswiftuiApp.swift in Sources */ = {isa = PBXBuildFile; fileRef = 46540C732651751D00DC4AA2 /* bootswiftuiApp.swift */; };
		46540C9E2651751E00DC4AA2 /* ContentView.swift in Sources */ = {isa = PBXBuildFile; fileRef = 46540C742651751D00DC4AA2 /* ContentView.swift */; };
		46540C9F2651751E00DC4AA2 /* ContentView.swift in Sources */ = {isa = PBXBuildFile; fileRef = 46540C742651751D00DC4AA2 /* ContentView.swift */; };
		46540CA02651751E00DC4AA2 /* Assets.xcassets in Resources */ = {isa = PBXBuildFile; fileRef = 46540C752651751E00DC4AA2 /* Assets.xcassets */; };
		46540CA12651751E00DC4AA2 /* Assets.xcassets in Resources */ = {isa = PBXBuildFile; fileRef = 46540C752651751E00DC4AA2 /* Assets.xcassets */; };
		46540CB2265175FF00DC4AA2 /* Color.swift in Sources */ = {isa = PBXBuildFile; fileRef = 46540CB1265175FF00DC4AA2 /* Color.swift */; };
		46540CB3265175FF00DC4AA2 /* Color.swift in Sources */ = {isa = PBXBuildFile; fileRef = 46540CB1265175FF00DC4AA2 /* Color.swift */; };
		469595382657A39B00CCEBB9 /* View.swift in Sources */ = {isa = PBXBuildFile; fileRef = 469595372657A39B00CCEBB9 /* View.swift */; };
		469595392657A39B00CCEBB9 /* View.swift in Sources */ = {isa = PBXBuildFile; fileRef = 469595372657A39B00CCEBB9 /* View.swift */; };
		46C8FC65265538B50026C280 /* Theme.swift in Sources */ = {isa = PBXBuildFile; fileRef = 46C8FC64265538B50026C280 /* Theme.swift */; };
		46C8FC66265538B50026C280 /* Theme.swift in Sources */ = {isa = PBXBuildFile; fileRef = 46C8FC64265538B50026C280 /* Theme.swift */; };
		46C8FC6926553E810026C280 /* AppConfig.swift in Sources */ = {isa = PBXBuildFile; fileRef = 46C8FC6826553E810026C280 /* AppConfig.swift */; };
		46C8FC6A26553E810026C280 /* AppConfig.swift in Sources */ = {isa = PBXBuildFile; fileRef = 46C8FC6826553E810026C280 /* AppConfig.swift */; };
		46C8FC6E265541180026C280 /* ThemeSwitcher.swift in Sources */ = {isa = PBXBuildFile; fileRef = 46C8FC6D265541180026C280 /* ThemeSwitcher.swift */; };
		46C8FC6F265541180026C280 /* ThemeSwitcher.swift in Sources */ = {isa = PBXBuildFile; fileRef = 46C8FC6D265541180026C280 /* ThemeSwitcher.swift */; };
		46C8FC74265545DD0026C280 /* Alert.swift in Sources */ = {isa = PBXBuildFile; fileRef = 46C8FC73265545DD0026C280 /* Alert.swift */; };
		46C8FC75265545DD0026C280 /* Alert.swift in Sources */ = {isa = PBXBuildFile; fileRef = 46C8FC73265545DD0026C280 /* Alert.swift */; };
		46C8FC7826554A450026C280 /* MockData.swift in Sources */ = {isa = PBXBuildFile; fileRef = 46C8FC7726554A450026C280 /* MockData.swift */; };
		46C8FC7926554A450026C280 /* MockData.swift in Sources */ = {isa = PBXBuildFile; fileRef = 46C8FC7726554A450026C280 /* MockData.swift */; };
		46C8FC7B26554BC60026C280 /* Component.swift in Sources */ = {isa = PBXBuildFile; fileRef = 46C8FC7A26554BC60026C280 /* Component.swift */; };
		46C8FC7C26554BC60026C280 /* Component.swift in Sources */ = {isa = PBXBuildFile; fileRef = 46C8FC7A26554BC60026C280 /* Component.swift */; };
		46C8FC7F26555C630026C280 /* BoxMode.swift in Sources */ = {isa = PBXBuildFile; fileRef = 46C8FC7E26555C630026C280 /* BoxMode.swift */; };
		46C8FC8026555C630026C280 /* BoxMode.swift in Sources */ = {isa = PBXBuildFile; fileRef = 46C8FC7E26555C630026C280 /* BoxMode.swift */; };
/* End PBXBuildFile section */

/* Begin PBXContainerItemProxy section */
		46540C8B2651751E00DC4AA2 /* PBXContainerItemProxy */ = {
			isa = PBXContainerItemProxy;
			containerPortal = 46540C6E2651751C00DC4AA2 /* Project object */;
			proxyType = 1;
			remoteGlobalIDString = 46540C792651751E00DC4AA2;
			remoteInfo = "bootswiftui (iOS)";
		};
		46540C962651751E00DC4AA2 /* PBXContainerItemProxy */ = {
			isa = PBXContainerItemProxy;
			containerPortal = 46540C6E2651751C00DC4AA2 /* Project object */;
			proxyType = 1;
			remoteGlobalIDString = 46540C812651751E00DC4AA2;
			remoteInfo = "bootswiftui (macOS)";
		};
/* End PBXContainerItemProxy section */

/* Begin PBXFileReference section */
		460EF92D2655A20200B5FEEF /* AlertPresentationScreen.swift */ = {isa = PBXFileReference; lastKnownFileType = sourcecode.swift; path = AlertPresentationScreen.swift; sourceTree = "<group>"; };
		460EF9672656964A00B5FEEF /* Accordion.swift */ = {isa = PBXFileReference; lastKnownFileType = sourcecode.swift; path = Accordion.swift; sourceTree = "<group>"; };
		460EF96A2656A22A00B5FEEF /* AccordionPresentationScreen.swift */ = {isa = PBXFileReference; lastKnownFileType = sourcecode.swift; path = AccordionPresentationScreen.swift; sourceTree = "<group>"; };
		460EF96D2656DB5600B5FEEF /* ListPosition.swift */ = {isa = PBXFileReference; lastKnownFileType = sourcecode.swift; path = ListPosition.swift; sourceTree = "<group>"; };
		4632CF3526578BD900663525 /* Carousel.swift */ = {isa = PBXFileReference; lastKnownFileType = sourcecode.swift; path = Carousel.swift; sourceTree = "<group>"; };
		46501B662657CAC30006D504 /* CarouselPresentationScreen.swift */ = {isa = PBXFileReference; lastKnownFileType = sourcecode.swift; path = CarouselPresentationScreen.swift; sourceTree = "<group>"; };
		46540C732651751D00DC4AA2 /* bootswiftuiApp.swift */ = {isa = PBXFileReference; lastKnownFileType = sourcecode.swift; path = bootswiftuiApp.swift; sourceTree = "<group>"; };
		46540C742651751D00DC4AA2 /* ContentView.swift */ = {isa = PBXFileReference; lastKnownFileType = sourcecode.swift; path = ContentView.swift; sourceTree = "<group>"; };
		46540C752651751E00DC4AA2 /* Assets.xcassets */ = {isa = PBXFileReference; lastKnownFileType = folder.assetcatalog; path = Assets.xcassets; sourceTree = "<group>"; };
		46540C7A2651751E00DC4AA2 /* bootswiftui.app */ = {isa = PBXFileReference; explicitFileType = wrapper.application; includeInIndex = 0; path = bootswiftui.app; sourceTree = BUILT_PRODUCTS_DIR; };
		46540C7D2651751E00DC4AA2 /* Info.plist */ = {isa = PBXFileReference; lastKnownFileType = text.plist.xml; path = Info.plist; sourceTree = "<group>"; };
		46540C822651751E00DC4AA2 /* bootswiftui.app */ = {isa = PBXFileReference; explicitFileType = wrapper.application; includeInIndex = 0; path = bootswiftui.app; sourceTree = BUILT_PRODUCTS_DIR; };
		46540C842651751E00DC4AA2 /* Info.plist */ = {isa = PBXFileReference; lastKnownFileType = text.plist.xml; path = Info.plist; sourceTree = "<group>"; };
		46540C852651751E00DC4AA2 /* macOS.entitlements */ = {isa = PBXFileReference; lastKnownFileType = text.plist.entitlements; path = macOS.entitlements; sourceTree = "<group>"; };
		46540C8A2651751E00DC4AA2 /* Tests iOS.xctest */ = {isa = PBXFileReference; explicitFileType = wrapper.cfbundle; includeInIndex = 0; path = "Tests iOS.xctest"; sourceTree = BUILT_PRODUCTS_DIR; };
		46540C8E2651751E00DC4AA2 /* Tests_iOS.swift */ = {isa = PBXFileReference; lastKnownFileType = sourcecode.swift; path = Tests_iOS.swift; sourceTree = "<group>"; };
		46540C902651751E00DC4AA2 /* Info.plist */ = {isa = PBXFileReference; lastKnownFileType = text.plist.xml; path = Info.plist; sourceTree = "<group>"; };
		46540C952651751E00DC4AA2 /* Tests macOS.xctest */ = {isa = PBXFileReference; explicitFileType = wrapper.cfbundle; includeInIndex = 0; path = "Tests macOS.xctest"; sourceTree = BUILT_PRODUCTS_DIR; };
		46540C992651751E00DC4AA2 /* Tests_macOS.swift */ = {isa = PBXFileReference; lastKnownFileType = sourcecode.swift; path = Tests_macOS.swift; sourceTree = "<group>"; };
		46540C9B2651751E00DC4AA2 /* Info.plist */ = {isa = PBXFileReference; lastKnownFileType = text.plist.xml; path = Info.plist; sourceTree = "<group>"; };
		46540CB1265175FF00DC4AA2 /* Color.swift */ = {isa = PBXFileReference; lastKnownFileType = sourcecode.swift; path = Color.swift; sourceTree = "<group>"; };
		469595372657A39B00CCEBB9 /* View.swift */ = {isa = PBXFileReference; lastKnownFileType = sourcecode.swift; path = View.swift; sourceTree = "<group>"; };
		46C8FC64265538B50026C280 /* Theme.swift */ = {isa = PBXFileReference; lastKnownFileType = sourcecode.swift; path = Theme.swift; sourceTree = "<group>"; };
		46C8FC6826553E810026C280 /* AppConfig.swift */ = {isa = PBXFileReference; lastKnownFileType = sourcecode.swift; path = AppConfig.swift; sourceTree = "<group>"; };
		46C8FC6D265541180026C280 /* ThemeSwitcher.swift */ = {isa = PBXFileReference; lastKnownFileType = sourcecode.swift; path = ThemeSwitcher.swift; sourceTree = "<group>"; };
		46C8FC73265545DD0026C280 /* Alert.swift */ = {isa = PBXFileReference; lastKnownFileType = sourcecode.swift; path = Alert.swift; sourceTree = "<group>"; };
		46C8FC7726554A450026C280 /* MockData.swift */ = {isa = PBXFileReference; lastKnownFileType = sourcecode.swift; path = MockData.swift; sourceTree = "<group>"; };
		46C8FC7A26554BC60026C280 /* Component.swift */ = {isa = PBXFileReference; lastKnownFileType = sourcecode.swift; path = Component.swift; sourceTree = "<group>"; };
		46C8FC7E26555C630026C280 /* BoxMode.swift */ = {isa = PBXFileReference; lastKnownFileType = sourcecode.swift; path = BoxMode.swift; sourceTree = "<group>"; };
/* End PBXFileReference section */

/* Begin PBXFrameworksBuildPhase section */
		46540C772651751E00DC4AA2 /* Frameworks */ = {
			isa = PBXFrameworksBuildPhase;
			buildActionMask = 2147483647;
			files = (
			);
			runOnlyForDeploymentPostprocessing = 0;
		};
		46540C7F2651751E00DC4AA2 /* Frameworks */ = {
			isa = PBXFrameworksBuildPhase;
			buildActionMask = 2147483647;
			files = (
			);
			runOnlyForDeploymentPostprocessing = 0;
		};
		46540C872651751E00DC4AA2 /* Frameworks */ = {
			isa = PBXFrameworksBuildPhase;
			buildActionMask = 2147483647;
			files = (
			);
			runOnlyForDeploymentPostprocessing = 0;
		};
		46540C922651751E00DC4AA2 /* Frameworks */ = {
			isa = PBXFrameworksBuildPhase;
			buildActionMask = 2147483647;
			files = (
			);
			runOnlyForDeploymentPostprocessing = 0;
		};
/* End PBXFrameworksBuildPhase section */

/* Begin PBXGroup section */
		460EF92C2655A1F100B5FEEF /* Screens */ = {
			isa = PBXGroup;
			children = (
				460EF92D2655A20200B5FEEF /* AlertPresentationScreen.swift */,
				460EF96A2656A22A00B5FEEF /* AccordionPresentationScreen.swift */,
				46501B662657CAC30006D504 /* CarouselPresentationScreen.swift */,
			);
			path = Screens;
			sourceTree = "<group>";
		};
		46540C6D2651751C00DC4AA2 = {
			isa = PBXGroup;
			children = (
				46540C722651751D00DC4AA2 /* Shared */,
				46540C7C2651751E00DC4AA2 /* iOS */,
				46540C832651751E00DC4AA2 /* macOS */,
				46540C8D2651751E00DC4AA2 /* Tests iOS */,
				46540C982651751E00DC4AA2 /* Tests macOS */,
				46540C7B2651751E00DC4AA2 /* Products */,
			);
			sourceTree = "<group>";
		};
		46540C722651751D00DC4AA2 /* Shared */ = {
			isa = PBXGroup;
			children = (
				460EF92C2655A1F100B5FEEF /* Screens */,
				46C8FC7D26555C520026C280 /* Modifiers */,
				46C8FC7626554A2F0026C280 /* Core */,
				46C8FC6B265540E20026C280 /* Components */,
				46540CB0265175EE00DC4AA2 /* Theme */,
				46540C732651751D00DC4AA2 /* bootswiftuiApp.swift */,
				46540C742651751D00DC4AA2 /* ContentView.swift */,
				46540C752651751E00DC4AA2 /* Assets.xcassets */,
				46C8FC6826553E810026C280 /* AppConfig.swift */,
			);
			path = Shared;
			sourceTree = "<group>";
		};
		46540C7B2651751E00DC4AA2 /* Products */ = {
			isa = PBXGroup;
			children = (
				46540C7A2651751E00DC4AA2 /* bootswiftui.app */,
				46540C822651751E00DC4AA2 /* bootswiftui.app */,
				46540C8A2651751E00DC4AA2 /* Tests iOS.xctest */,
				46540C952651751E00DC4AA2 /* Tests macOS.xctest */,
			);
			name = Products;
			sourceTree = "<group>";
		};
		46540C7C2651751E00DC4AA2 /* iOS */ = {
			isa = PBXGroup;
			children = (
				46540C7D2651751E00DC4AA2 /* Info.plist */,
			);
			path = iOS;
			sourceTree = "<group>";
		};
		46540C832651751E00DC4AA2 /* macOS */ = {
			isa = PBXGroup;
			children = (
				46540C842651751E00DC4AA2 /* Info.plist */,
				46540C852651751E00DC4AA2 /* macOS.entitlements */,
			);
			path = macOS;
			sourceTree = "<group>";
		};
		46540C8D2651751E00DC4AA2 /* Tests iOS */ = {
			isa = PBXGroup;
			children = (
				46540C8E2651751E00DC4AA2 /* Tests_iOS.swift */,
				46540C902651751E00DC4AA2 /* Info.plist */,
			);
			path = "Tests iOS";
			sourceTree = "<group>";
		};
		46540C982651751E00DC4AA2 /* Tests macOS */ = {
			isa = PBXGroup;
			children = (
				46540C992651751E00DC4AA2 /* Tests_macOS.swift */,
				46540C9B2651751E00DC4AA2 /* Info.plist */,
			);
			path = "Tests macOS";
			sourceTree = "<group>";
		};
		46540CB0265175EE00DC4AA2 /* Theme */ = {
			isa = PBXGroup;
			children = (
				46540CB1265175FF00DC4AA2 /* Color.swift */,
				46C8FC64265538B50026C280 /* Theme.swift */,
			);
			path = Theme;
			sourceTree = "<group>";
		};
		469595362657A38D00CCEBB9 /* Extensions */ = {
			isa = PBXGroup;
			children = (
				469595372657A39B00CCEBB9 /* View.swift */,
			);
			path = Extensions;
			sourceTree = "<group>";
		};
		46C8FC6B265540E20026C280 /* Components */ = {
			isa = PBXGroup;
			children = (
				46C8FC6D265541180026C280 /* ThemeSwitcher.swift */,
				46C8FC73265545DD0026C280 /* Alert.swift */,
				460EF9672656964A00B5FEEF /* Accordion.swift */,
				4632CF3526578BD900663525 /* Carousel.swift */,
			);
			path = Components;
			sourceTree = "<group>";
		};
		46C8FC7626554A2F0026C280 /* Core */ = {
			isa = PBXGroup;
			children = (
				469595362657A38D00CCEBB9 /* Extensions */,
				46C8FC7726554A450026C280 /* MockData.swift */,
				46C8FC7A26554BC60026C280 /* Component.swift */,
				460EF96D2656DB5600B5FEEF /* ListPosition.swift */,
			);
			path = Core;
			sourceTree = "<group>";
		};
		46C8FC7D26555C520026C280 /* Modifiers */ = {
			isa = PBXGroup;
			children = (
				46C8FC7E26555C630026C280 /* BoxMode.swift */,
			);
			path = Modifiers;
			sourceTree = "<group>";
		};
/* End PBXGroup section */

/* Begin PBXNativeTarget section */
		46540C792651751E00DC4AA2 /* bootswiftui (iOS) */ = {
			isa = PBXNativeTarget;
			buildConfigurationList = 46540CA42651751E00DC4AA2 /* Build configuration list for PBXNativeTarget "bootswiftui (iOS)" */;
			buildPhases = (
				46540C762651751E00DC4AA2 /* Sources */,
				46540C772651751E00DC4AA2 /* Frameworks */,
				46540C782651751E00DC4AA2 /* Resources */,
			);
			buildRules = (
			);
			dependencies = (
			);
			name = "bootswiftui (iOS)";
			productName = "bootswiftui (iOS)";
			productReference = 46540C7A2651751E00DC4AA2 /* bootswiftui.app */;
			productType = "com.apple.product-type.application";
		};
		46540C812651751E00DC4AA2 /* bootswiftui (macOS) */ = {
			isa = PBXNativeTarget;
			buildConfigurationList = 46540CA72651751E00DC4AA2 /* Build configuration list for PBXNativeTarget "bootswiftui (macOS)" */;
			buildPhases = (
				46540C7E2651751E00DC4AA2 /* Sources */,
				46540C7F2651751E00DC4AA2 /* Frameworks */,
				46540C802651751E00DC4AA2 /* Resources */,
			);
			buildRules = (
			);
			dependencies = (
			);
			name = "bootswiftui (macOS)";
			productName = "bootswiftui (macOS)";
			productReference = 46540C822651751E00DC4AA2 /* bootswiftui.app */;
			productType = "com.apple.product-type.application";
		};
		46540C892651751E00DC4AA2 /* Tests iOS */ = {
			isa = PBXNativeTarget;
			buildConfigurationList = 46540CAA2651751E00DC4AA2 /* Build configuration list for PBXNativeTarget "Tests iOS" */;
			buildPhases = (
				46540C862651751E00DC4AA2 /* Sources */,
				46540C872651751E00DC4AA2 /* Frameworks */,
				46540C882651751E00DC4AA2 /* Resources */,
			);
			buildRules = (
			);
			dependencies = (
				46540C8C2651751E00DC4AA2 /* PBXTargetDependency */,
			);
			name = "Tests iOS";
			productName = "Tests iOS";
			productReference = 46540C8A2651751E00DC4AA2 /* Tests iOS.xctest */;
			productType = "com.apple.product-type.bundle.ui-testing";
		};
		46540C942651751E00DC4AA2 /* Tests macOS */ = {
			isa = PBXNativeTarget;
			buildConfigurationList = 46540CAD2651751E00DC4AA2 /* Build configuration list for PBXNativeTarget "Tests macOS" */;
			buildPhases = (
				46540C912651751E00DC4AA2 /* Sources */,
				46540C922651751E00DC4AA2 /* Frameworks */,
				46540C932651751E00DC4AA2 /* Resources */,
			);
			buildRules = (
			);
			dependencies = (
				46540C972651751E00DC4AA2 /* PBXTargetDependency */,
			);
			name = "Tests macOS";
			productName = "Tests macOS";
			productReference = 46540C952651751E00DC4AA2 /* Tests macOS.xctest */;
			productType = "com.apple.product-type.bundle.ui-testing";
		};
/* End PBXNativeTarget section */

/* Begin PBXProject section */
		46540C6E2651751C00DC4AA2 /* Project object */ = {
			isa = PBXProject;
			attributes = {
				LastSwiftUpdateCheck = 1250;
				LastUpgradeCheck = 1250;
				TargetAttributes = {
					46540C792651751E00DC4AA2 = {
						CreatedOnToolsVersion = 12.5;
					};
					46540C812651751E00DC4AA2 = {
						CreatedOnToolsVersion = 12.5;
					};
					46540C892651751E00DC4AA2 = {
						CreatedOnToolsVersion = 12.5;
						TestTargetID = 46540C792651751E00DC4AA2;
					};
					46540C942651751E00DC4AA2 = {
						CreatedOnToolsVersion = 12.5;
						TestTargetID = 46540C812651751E00DC4AA2;
					};
				};
			};
			buildConfigurationList = 46540C712651751C00DC4AA2 /* Build configuration list for PBXProject "bootswiftui" */;
			compatibilityVersion = "Xcode 9.3";
			developmentRegion = en;
			hasScannedForEncodings = 0;
			knownRegions = (
				en,
				Base,
			);
			mainGroup = 46540C6D2651751C00DC4AA2;
			productRefGroup = 46540C7B2651751E00DC4AA2 /* Products */;
			projectDirPath = "";
			projectRoot = "";
			targets = (
				46540C792651751E00DC4AA2 /* bootswiftui (iOS) */,
				46540C812651751E00DC4AA2 /* bootswiftui (macOS) */,
				46540C892651751E00DC4AA2 /* Tests iOS */,
				46540C942651751E00DC4AA2 /* Tests macOS */,
			);
		};
/* End PBXProject section */

/* Begin PBXResourcesBuildPhase section */
		46540C782651751E00DC4AA2 /* Resources */ = {
			isa = PBXResourcesBuildPhase;
			buildActionMask = 2147483647;
			files = (
				46540CA02651751E00DC4AA2 /* Assets.xcassets in Resources */,
			);
			runOnlyForDeploymentPostprocessing = 0;
		};
		46540C802651751E00DC4AA2 /* Resources */ = {
			isa = PBXResourcesBuildPhase;
			buildActionMask = 2147483647;
			files = (
				46540CA12651751E00DC4AA2 /* Assets.xcassets in Resources */,
			);
			runOnlyForDeploymentPostprocessing = 0;
		};
		46540C882651751E00DC4AA2 /* Resources */ = {
			isa = PBXResourcesBuildPhase;
			buildActionMask = 2147483647;
			files = (
			);
			runOnlyForDeploymentPostprocessing = 0;
		};
		46540C932651751E00DC4AA2 /* Resources */ = {
			isa = PBXResourcesBuildPhase;
			buildActionMask = 2147483647;
			files = (
			);
			runOnlyForDeploymentPostprocessing = 0;
		};
/* End PBXResourcesBuildPhase section */

/* Begin PBXSourcesBuildPhase section */
		46540C762651751E00DC4AA2 /* Sources */ = {
			isa = PBXSourcesBuildPhase;
			buildActionMask = 2147483647;
			files = (
				46501B672657CAC30006D504 /* CarouselPresentationScreen.swift in Sources */,
				469595382657A39B00CCEBB9 /* View.swift in Sources */,
				46540C9E2651751E00DC4AA2 /* ContentView.swift in Sources */,
				46C8FC7B26554BC60026C280 /* Component.swift in Sources */,
				46C8FC6926553E810026C280 /* AppConfig.swift in Sources */,
				4632CF3626578BD900663525 /* Carousel.swift in Sources */,
				46C8FC6E265541180026C280 /* ThemeSwitcher.swift in Sources */,
				460EF92E2655A20200B5FEEF /* AlertPresentationScreen.swift in Sources */,
				46C8FC7F26555C630026C280 /* BoxMode.swift in Sources */,
				460EF96E2656DB5600B5FEEF /* ListPosition.swift in Sources */,
				460EF96B2656A22A00B5FEEF /* AccordionPresentationScreen.swift in Sources */,
				46C8FC65265538B50026C280 /* Theme.swift in Sources */,
				46C8FC7826554A450026C280 /* MockData.swift in Sources */,
				460EF9682656964A00B5FEEF /* Accordion.swift in Sources */,
				46540C9C2651751E00DC4AA2 /* bootswiftuiApp.swift in Sources */,
				46540CB2265175FF00DC4AA2 /* Color.swift in Sources */,
				46C8FC74265545DD0026C280 /* Alert.swift in Sources */,
			);
			runOnlyForDeploymentPostprocessing = 0;
		};
		46540C7E2651751E00DC4AA2 /* Sources */ = {
			isa = PBXSourcesBuildPhase;
			buildActionMask = 2147483647;
			files = (
				46501B682657CAC30006D504 /* CarouselPresentationScreen.swift in Sources */,
				469595392657A39B00CCEBB9 /* View.swift in Sources */,
				46540C9F2651751E00DC4AA2 /* ContentView.swift in Sources */,
				46C8FC7C26554BC60026C280 /* Component.swift in Sources */,
				46C8FC6A26553E810026C280 /* AppConfig.swift in Sources */,
				4632CF3726578BD900663525 /* Carousel.swift in Sources */,
				46C8FC6F265541180026C280 /* ThemeSwitcher.swift in Sources */,
				460EF92F2655A20200B5FEEF /* AlertPresentationScreen.swift in Sources */,
				46C8FC8026555C630026C280 /* BoxMode.swift in Sources */,
				460EF96F2656DB5600B5FEEF /* ListPosition.swift in Sources */,
				460EF96C2656A22A00B5FEEF /* AccordionPresentationScreen.swift in Sources */,
				46C8FC66265538B50026C280 /* Theme.swift in Sources */,
				46C8FC7926554A450026C280 /* MockData.swift in Sources */,
				460EF9692656964A00B5FEEF /* Accordion.swift in Sources */,
				46540C9D2651751E00DC4AA2 /* bootswiftuiApp.swift in Sources */,
				46540CB3265175FF00DC4AA2 /* Color.swift in Sources */,
				46C8FC75265545DD0026C280 /* Alert.swift in Sources */,
			);
			runOnlyForDeploymentPostprocessing = 0;
		};
		46540C862651751E00DC4AA2 /* Sources */ = {
			isa = PBXSourcesBuildPhase;
			buildActionMask = 2147483647;
			files = (
				46540C8F2651751E00DC4AA2 /* Tests_iOS.swift in Sources */,
			);
			runOnlyForDeploymentPostprocessing = 0;
		};
		46540C912651751E00DC4AA2 /* Sources */ = {
			isa = PBXSourcesBuildPhase;
			buildActionMask = 2147483647;
			files = (
				46540C9A2651751E00DC4AA2 /* Tests_macOS.swift in Sources */,
			);
			runOnlyForDeploymentPostprocessing = 0;
		};
/* End PBXSourcesBuildPhase section */

/* Begin PBXTargetDependency section */
		46540C8C2651751E00DC4AA2 /* PBXTargetDependency */ = {
			isa = PBXTargetDependency;
			target = 46540C792651751E00DC4AA2 /* bootswiftui (iOS) */;
			targetProxy = 46540C8B2651751E00DC4AA2 /* PBXContainerItemProxy */;
		};
		46540C972651751E00DC4AA2 /* PBXTargetDependency */ = {
			isa = PBXTargetDependency;
			target = 46540C812651751E00DC4AA2 /* bootswiftui (macOS) */;
			targetProxy = 46540C962651751E00DC4AA2 /* PBXContainerItemProxy */;
		};
/* End PBXTargetDependency section */

/* Begin XCBuildConfiguration section */
		46540CA22651751E00DC4AA2 /* Debug */ = {
			isa = XCBuildConfiguration;
			buildSettings = {
				ALWAYS_SEARCH_USER_PATHS = NO;
				CLANG_ANALYZER_NONNULL = YES;
				CLANG_ANALYZER_NUMBER_OBJECT_CONVERSION = YES_AGGRESSIVE;
				CLANG_CXX_LANGUAGE_STANDARD = "gnu++14";
				CLANG_CXX_LIBRARY = "libc++";
				CLANG_ENABLE_MODULES = YES;
				CLANG_ENABLE_OBJC_ARC = YES;
				CLANG_ENABLE_OBJC_WEAK = YES;
				CLANG_WARN_BLOCK_CAPTURE_AUTORELEASING = YES;
				CLANG_WARN_BOOL_CONVERSION = YES;
				CLANG_WARN_COMMA = YES;
				CLANG_WARN_CONSTANT_CONVERSION = YES;
				CLANG_WARN_DEPRECATED_OBJC_IMPLEMENTATIONS = YES;
				CLANG_WARN_DIRECT_OBJC_ISA_USAGE = YES_ERROR;
				CLANG_WARN_DOCUMENTATION_COMMENTS = YES;
				CLANG_WARN_EMPTY_BODY = YES;
				CLANG_WARN_ENUM_CONVERSION = YES;
				CLANG_WARN_INFINITE_RECURSION = YES;
				CLANG_WARN_INT_CONVERSION = YES;
				CLANG_WARN_NON_LITERAL_NULL_CONVERSION = YES;
				CLANG_WARN_OBJC_IMPLICIT_RETAIN_SELF = YES;
				CLANG_WARN_OBJC_LITERAL_CONVERSION = YES;
				CLANG_WARN_OBJC_ROOT_CLASS = YES_ERROR;
				CLANG_WARN_QUOTED_INCLUDE_IN_FRAMEWORK_HEADER = YES;
				CLANG_WARN_RANGE_LOOP_ANALYSIS = YES;
				CLANG_WARN_STRICT_PROTOTYPES = YES;
				CLANG_WARN_SUSPICIOUS_MOVE = YES;
				CLANG_WARN_UNGUARDED_AVAILABILITY = YES_AGGRESSIVE;
				CLANG_WARN_UNREACHABLE_CODE = YES;
				CLANG_WARN__DUPLICATE_METHOD_MATCH = YES;
				COPY_PHASE_STRIP = NO;
				DEBUG_INFORMATION_FORMAT = dwarf;
				ENABLE_STRICT_OBJC_MSGSEND = YES;
				ENABLE_TESTABILITY = YES;
				GCC_C_LANGUAGE_STANDARD = gnu11;
				GCC_DYNAMIC_NO_PIC = NO;
				GCC_NO_COMMON_BLOCKS = YES;
				GCC_OPTIMIZATION_LEVEL = 0;
				GCC_PREPROCESSOR_DEFINITIONS = (
					"DEBUG=1",
					"$(inherited)",
				);
				GCC_WARN_64_TO_32_BIT_CONVERSION = YES;
				GCC_WARN_ABOUT_RETURN_TYPE = YES_ERROR;
				GCC_WARN_UNDECLARED_SELECTOR = YES;
				GCC_WARN_UNINITIALIZED_AUTOS = YES_AGGRESSIVE;
				GCC_WARN_UNUSED_FUNCTION = YES;
				GCC_WARN_UNUSED_VARIABLE = YES;
				MTL_ENABLE_DEBUG_INFO = INCLUDE_SOURCE;
				MTL_FAST_MATH = YES;
				ONLY_ACTIVE_ARCH = YES;
				SWIFT_ACTIVE_COMPILATION_CONDITIONS = DEBUG;
				SWIFT_OPTIMIZATION_LEVEL = "-Onone";
			};
			name = Debug;
		};
		46540CA32651751E00DC4AA2 /* Release */ = {
			isa = XCBuildConfiguration;
			buildSettings = {
				ALWAYS_SEARCH_USER_PATHS = NO;
				CLANG_ANALYZER_NONNULL = YES;
				CLANG_ANALYZER_NUMBER_OBJECT_CONVERSION = YES_AGGRESSIVE;
				CLANG_CXX_LANGUAGE_STANDARD = "gnu++14";
				CLANG_CXX_LIBRARY = "libc++";
				CLANG_ENABLE_MODULES = YES;
				CLANG_ENABLE_OBJC_ARC = YES;
				CLANG_ENABLE_OBJC_WEAK = YES;
				CLANG_WARN_BLOCK_CAPTURE_AUTORELEASING = YES;
				CLANG_WARN_BOOL_CONVERSION = YES;
				CLANG_WARN_COMMA = YES;
				CLANG_WARN_CONSTANT_CONVERSION = YES;
				CLANG_WARN_DEPRECATED_OBJC_IMPLEMENTATIONS = YES;
				CLANG_WARN_DIRECT_OBJC_ISA_USAGE = YES_ERROR;
				CLANG_WARN_DOCUMENTATION_COMMENTS = YES;
				CLANG_WARN_EMPTY_BODY = YES;
				CLANG_WARN_ENUM_CONVERSION = YES;
				CLANG_WARN_INFINITE_RECURSION = YES;
				CLANG_WARN_INT_CONVERSION = YES;
				CLANG_WARN_NON_LITERAL_NULL_CONVERSION = YES;
				CLANG_WARN_OBJC_IMPLICIT_RETAIN_SELF = YES;
				CLANG_WARN_OBJC_LITERAL_CONVERSION = YES;
				CLANG_WARN_OBJC_ROOT_CLASS = YES_ERROR;
				CLANG_WARN_QUOTED_INCLUDE_IN_FRAMEWORK_HEADER = YES;
				CLANG_WARN_RANGE_LOOP_ANALYSIS = YES;
				CLANG_WARN_STRICT_PROTOTYPES = YES;
				CLANG_WARN_SUSPICIOUS_MOVE = YES;
				CLANG_WARN_UNGUARDED_AVAILABILITY = YES_AGGRESSIVE;
				CLANG_WARN_UNREACHABLE_CODE = YES;
				CLANG_WARN__DUPLICATE_METHOD_MATCH = YES;
				COPY_PHASE_STRIP = NO;
				DEBUG_INFORMATION_FORMAT = "dwarf-with-dsym";
				ENABLE_NS_ASSERTIONS = NO;
				ENABLE_STRICT_OBJC_MSGSEND = YES;
				GCC_C_LANGUAGE_STANDARD = gnu11;
				GCC_NO_COMMON_BLOCKS = YES;
				GCC_WARN_64_TO_32_BIT_CONVERSION = YES;
				GCC_WARN_ABOUT_RETURN_TYPE = YES_ERROR;
				GCC_WARN_UNDECLARED_SELECTOR = YES;
				GCC_WARN_UNINITIALIZED_AUTOS = YES_AGGRESSIVE;
				GCC_WARN_UNUSED_FUNCTION = YES;
				GCC_WARN_UNUSED_VARIABLE = YES;
				MTL_ENABLE_DEBUG_INFO = NO;
				MTL_FAST_MATH = YES;
				SWIFT_COMPILATION_MODE = wholemodule;
				SWIFT_OPTIMIZATION_LEVEL = "-O";
			};
			name = Release;
		};
		46540CA52651751E00DC4AA2 /* Debug */ = {
			isa = XCBuildConfiguration;
			buildSettings = {
				ASSETCATALOG_COMPILER_APPICON_NAME = AppIcon;
				ASSETCATALOG_COMPILER_GLOBAL_ACCENT_COLOR_NAME = AccentColor;
				CODE_SIGN_STYLE = Automatic;
				DEVELOPMENT_TEAM = FZSAPS42SZ;
				ENABLE_PREVIEWS = YES;
				INFOPLIST_FILE = iOS/Info.plist;
				IPHONEOS_DEPLOYMENT_TARGET = 14.0;
				LD_RUNPATH_SEARCH_PATHS = (
					"$(inherited)",
					"@executable_path/Frameworks",
				);
				PRODUCT_BUNDLE_IDENTIFIER = robertsandru.bootswiftui;
				PRODUCT_NAME = bootswiftui;
				SDKROOT = iphoneos;
				SWIFT_VERSION = 5.0;
				TARGETED_DEVICE_FAMILY = "1,2";
			};
			name = Debug;
		};
		46540CA62651751E00DC4AA2 /* Release */ = {
			isa = XCBuildConfiguration;
			buildSettings = {
				ASSETCATALOG_COMPILER_APPICON_NAME = AppIcon;
				ASSETCATALOG_COMPILER_GLOBAL_ACCENT_COLOR_NAME = AccentColor;
				CODE_SIGN_STYLE = Automatic;
				DEVELOPMENT_TEAM = FZSAPS42SZ;
				ENABLE_PREVIEWS = YES;
				INFOPLIST_FILE = iOS/Info.plist;
				IPHONEOS_DEPLOYMENT_TARGET = 14.0;
				LD_RUNPATH_SEARCH_PATHS = (
					"$(inherited)",
					"@executable_path/Frameworks",
				);
				PRODUCT_BUNDLE_IDENTIFIER = robertsandru.bootswiftui;
				PRODUCT_NAME = bootswiftui;
				SDKROOT = iphoneos;
				SWIFT_VERSION = 5.0;
				TARGETED_DEVICE_FAMILY = "1,2";
				VALIDATE_PRODUCT = YES;
			};
			name = Release;
		};
		46540CA82651751E00DC4AA2 /* Debug */ = {
			isa = XCBuildConfiguration;
			buildSettings = {
				ASSETCATALOG_COMPILER_APPICON_NAME = AppIcon;
				ASSETCATALOG_COMPILER_GLOBAL_ACCENT_COLOR_NAME = AccentColor;
				CODE_SIGN_ENTITLEMENTS = macOS/macOS.entitlements;
				CODE_SIGN_STYLE = Automatic;
				COMBINE_HIDPI_IMAGES = YES;
				DEVELOPMENT_TEAM = FZSAPS42SZ;
				ENABLE_HARDENED_RUNTIME = YES;
				ENABLE_PREVIEWS = YES;
				INFOPLIST_FILE = macOS/Info.plist;
				LD_RUNPATH_SEARCH_PATHS = (
					"$(inherited)",
					"@executable_path/../Frameworks",
				);
				MACOSX_DEPLOYMENT_TARGET = 11.0;
				PRODUCT_BUNDLE_IDENTIFIER = robertsandru.bootswiftui;
				PRODUCT_NAME = bootswiftui;
				SDKROOT = macosx;
				SWIFT_VERSION = 5.0;
			};
			name = Debug;
		};
		46540CA92651751E00DC4AA2 /* Release */ = {
			isa = XCBuildConfiguration;
			buildSettings = {
				ASSETCATALOG_COMPILER_APPICON_NAME = AppIcon;
				ASSETCATALOG_COMPILER_GLOBAL_ACCENT_COLOR_NAME = AccentColor;
				CODE_SIGN_ENTITLEMENTS = macOS/macOS.entitlements;
				CODE_SIGN_STYLE = Automatic;
				COMBINE_HIDPI_IMAGES = YES;
				DEVELOPMENT_TEAM = FZSAPS42SZ;
				ENABLE_HARDENED_RUNTIME = YES;
				ENABLE_PREVIEWS = YES;
				INFOPLIST_FILE = macOS/Info.plist;
				LD_RUNPATH_SEARCH_PATHS = (
					"$(inherited)",
					"@executable_path/../Frameworks",
				);
				MACOSX_DEPLOYMENT_TARGET = 11.0;
				PRODUCT_BUNDLE_IDENTIFIER = robertsandru.bootswiftui;
				PRODUCT_NAME = bootswiftui;
				SDKROOT = macosx;
				SWIFT_VERSION = 5.0;
			};
			name = Release;
		};
		46540CAB2651751E00DC4AA2 /* Debug */ = {
			isa = XCBuildConfiguration;
			buildSettings = {
				ALWAYS_EMBED_SWIFT_STANDARD_LIBRARIES = YES;
				CODE_SIGN_STYLE = Automatic;
				DEVELOPMENT_TEAM = FZSAPS42SZ;
				INFOPLIST_FILE = "Tests iOS/Info.plist";
				IPHONEOS_DEPLOYMENT_TARGET = 14.5;
				LD_RUNPATH_SEARCH_PATHS = (
					"$(inherited)",
					"@executable_path/Frameworks",
					"@loader_path/Frameworks",
				);
				PRODUCT_BUNDLE_IDENTIFIER = "robertsandru.Tests-iOS";
				PRODUCT_NAME = "$(TARGET_NAME)";
				SDKROOT = iphoneos;
				SWIFT_VERSION = 5.0;
				TARGETED_DEVICE_FAMILY = "1,2";
				TEST_TARGET_NAME = "bootswiftui (iOS)";
			};
			name = Debug;
		};
		46540CAC2651751E00DC4AA2 /* Release */ = {
			isa = XCBuildConfiguration;
			buildSettings = {
				ALWAYS_EMBED_SWIFT_STANDARD_LIBRARIES = YES;
				CODE_SIGN_STYLE = Automatic;
				DEVELOPMENT_TEAM = FZSAPS42SZ;
				INFOPLIST_FILE = "Tests iOS/Info.plist";
				IPHONEOS_DEPLOYMENT_TARGET = 14.5;
				LD_RUNPATH_SEARCH_PATHS = (
					"$(inherited)",
					"@executable_path/Frameworks",
					"@loader_path/Frameworks",
				);
				PRODUCT_BUNDLE_IDENTIFIER = "robertsandru.Tests-iOS";
				PRODUCT_NAME = "$(TARGET_NAME)";
				SDKROOT = iphoneos;
				SWIFT_VERSION = 5.0;
				TARGETED_DEVICE_FAMILY = "1,2";
				TEST_TARGET_NAME = "bootswiftui (iOS)";
				VALIDATE_PRODUCT = YES;
			};
			name = Release;
		};
		46540CAE2651751E00DC4AA2 /* Debug */ = {
			isa = XCBuildConfiguration;
			buildSettings = {
				ALWAYS_EMBED_SWIFT_STANDARD_LIBRARIES = YES;
				CODE_SIGN_STYLE = Automatic;
				COMBINE_HIDPI_IMAGES = YES;
				DEVELOPMENT_TEAM = FZSAPS42SZ;
				INFOPLIST_FILE = "Tests macOS/Info.plist";
				LD_RUNPATH_SEARCH_PATHS = (
					"$(inherited)",
					"@executable_path/../Frameworks",
					"@loader_path/../Frameworks",
				);
				MACOSX_DEPLOYMENT_TARGET = 11.3;
				PRODUCT_BUNDLE_IDENTIFIER = "robertsandru.Tests-macOS";
				PRODUCT_NAME = "$(TARGET_NAME)";
				SDKROOT = macosx;
				SWIFT_VERSION = 5.0;
				TEST_TARGET_NAME = "bootswiftui (macOS)";
			};
			name = Debug;
		};
		46540CAF2651751E00DC4AA2 /* Release */ = {
			isa = XCBuildConfiguration;
			buildSettings = {
				ALWAYS_EMBED_SWIFT_STANDARD_LIBRARIES = YES;
				CODE_SIGN_STYLE = Automatic;
				COMBINE_HIDPI_IMAGES = YES;
				DEVELOPMENT_TEAM = FZSAPS42SZ;
				INFOPLIST_FILE = "Tests macOS/Info.plist";
				LD_RUNPATH_SEARCH_PATHS = (
					"$(inherited)",
					"@executable_path/../Frameworks",
					"@loader_path/../Frameworks",
				);
				MACOSX_DEPLOYMENT_TARGET = 11.3;
				PRODUCT_BUNDLE_IDENTIFIER = "robertsandru.Tests-macOS";
				PRODUCT_NAME = "$(TARGET_NAME)";
				SDKROOT = macosx;
				SWIFT_VERSION = 5.0;
				TEST_TARGET_NAME = "bootswiftui (macOS)";
			};
			name = Release;
		};
/* End XCBuildConfiguration section */

/* Begin XCConfigurationList section */
		46540C712651751C00DC4AA2 /* Build configuration list for PBXProject "bootswiftui" */ = {
			isa = XCConfigurationList;
			buildConfigurations = (
				46540CA22651751E00DC4AA2 /* Debug */,
				46540CA32651751E00DC4AA2 /* Release */,
			);
			defaultConfigurationIsVisible = 0;
			defaultConfigurationName = Release;
		};
		46540CA42651751E00DC4AA2 /* Build configuration list for PBXNativeTarget "bootswiftui (iOS)" */ = {
			isa = XCConfigurationList;
			buildConfigurations = (
				46540CA52651751E00DC4AA2 /* Debug */,
				46540CA62651751E00DC4AA2 /* Release */,
			);
			defaultConfigurationIsVisible = 0;
			defaultConfigurationName = Release;
		};
		46540CA72651751E00DC4AA2 /* Build configuration list for PBXNativeTarget "bootswiftui (macOS)" */ = {
			isa = XCConfigurationList;
			buildConfigurations = (
				46540CA82651751E00DC4AA2 /* Debug */,
				46540CA92651751E00DC4AA2 /* Release */,
			);
			defaultConfigurationIsVisible = 0;
			defaultConfigurationName = Release;
		};
		46540CAA2651751E00DC4AA2 /* Build configuration list for PBXNativeTarget "Tests iOS" */ = {
			isa = XCConfigurationList;
			buildConfigurations = (
				46540CAB2651751E00DC4AA2 /* Debug */,
				46540CAC2651751E00DC4AA2 /* Release */,
			);
			defaultConfigurationIsVisible = 0;
			defaultConfigurationName = Release;
		};
		46540CAD2651751E00DC4AA2 /* Build configuration list for PBXNativeTarget "Tests macOS" */ = {
			isa = XCConfigurationList;
			buildConfigurations = (
				46540CAE2651751E00DC4AA2 /* Debug */,
				46540CAF2651751E00DC4AA2 /* Release */,
			);
			defaultConfigurationIsVisible = 0;
			defaultConfigurationName = Release;
		};
/* End XCConfigurationList section */
	};
	rootObject = 46540C6E2651751C00DC4AA2 /* Project object */;
}
